// !$*UTF8*$!
{
	archiveVersion = 1;
	classes = {
	};
	objectVersion = 51;
	objects = {

/* Begin PBXBuildFile section */
		21FF296D287B2541178E3824 /* Pods_cs571HW9.framework in Frameworks */ = {isa = PBXBuildFile; fileRef = 9D611BF443B834B2A097BE24 /* Pods_cs571HW9.framework */; };
		97E9A5AD2384AB780065E5CE /* AppDelegate.swift in Sources */ = {isa = PBXBuildFile; fileRef = 97E9A5AC2384AB780065E5CE /* AppDelegate.swift */; };
		97E9A5AF2384AB780065E5CE /* SceneDelegate.swift in Sources */ = {isa = PBXBuildFile; fileRef = 97E9A5AE2384AB780065E5CE /* SceneDelegate.swift */; };
		97E9A5B12384AB780065E5CE /* ViewController.swift in Sources */ = {isa = PBXBuildFile; fileRef = 97E9A5B02384AB780065E5CE /* ViewController.swift */; };
		97E9A5B42384AB780065E5CE /* Main.storyboard in Resources */ = {isa = PBXBuildFile; fileRef = 97E9A5B22384AB780065E5CE /* Main.storyboard */; };
		97E9A5B62384AB7A0065E5CE /* Assets.xcassets in Resources */ = {isa = PBXBuildFile; fileRef = 97E9A5B52384AB7A0065E5CE /* Assets.xcassets */; };
		97E9A5B92384AB7A0065E5CE /* LaunchScreen.storyboard in Resources */ = {isa = PBXBuildFile; fileRef = 97E9A5B72384AB7A0065E5CE /* LaunchScreen.storyboard */; };
		97E9A5C5238731080065E5CE /* Slide.swift in Sources */ = {isa = PBXBuildFile; fileRef = 97E9A5C4238731080065E5CE /* Slide.swift */; };
		97E9A5C7238731360065E5CE /* Slide.xib in Resources */ = {isa = PBXBuildFile; fileRef = 97E9A5C6238731360065E5CE /* Slide.xib */; };
		97E9A5C9238873910065E5CE /* searchResultVC.swift in Sources */ = {isa = PBXBuildFile; fileRef = 97E9A5C8238873910065E5CE /* searchResultVC.swift */; };
		97E9A5CC2388F6C10065E5CE /* TableViewCell1.swift in Sources */ = {isa = PBXBuildFile; fileRef = 97E9A5CA2388F6C10065E5CE /* TableViewCell1.swift */; };
		97E9A5CD2388F6C10065E5CE /* TableViewCell1.xib in Resources */ = {isa = PBXBuildFile; fileRef = 97E9A5CB2388F6C10065E5CE /* TableViewCell1.xib */; };
		97E9A5CF238B18520065E5CE /* Tabview.storyboard in Resources */ = {isa = PBXBuildFile; fileRef = 97E9A5CE238B18520065E5CE /* Tabview.storyboard */; };
		97E9A5D1238B1DBF0065E5CE /* tabViewController.swift in Sources */ = {isa = PBXBuildFile; fileRef = 97E9A5D0238B1DBF0065E5CE /* tabViewController.swift */; };
		97E9A5D5238B55250065E5CE /* TodayViewController.swift in Sources */ = {isa = PBXBuildFile; fileRef = 97E9A5D4238B55240065E5CE /* TodayViewController.swift */; };
		97E9A5D7238B5EC60065E5CE /* WeeklyViewController.swift in Sources */ = {isa = PBXBuildFile; fileRef = 97E9A5D6238B5EC60065E5CE /* WeeklyViewController.swift */; };
		97E9A5D9238BBE1D0065E5CE /* PhotoViewController.swift in Sources */ = {isa = PBXBuildFile; fileRef = 97E9A5D8238BBE1D0065E5CE /* PhotoViewController.swift */; };
/* End PBXBuildFile section */

/* Begin PBXFileReference section */
		2146CAE07727A4A657F9C4BB /* Pods-cs571HW9.release.xcconfig */ = {isa = PBXFileReference; includeInIndex = 1; lastKnownFileType = text.xcconfig; name = "Pods-cs571HW9.release.xcconfig"; path = "Target Support Files/Pods-cs571HW9/Pods-cs571HW9.release.xcconfig"; sourceTree = "<group>"; };
		2C97073DBD4834B2E5BD2058 /* Pods-cs571HW9.debug.xcconfig */ = {isa = PBXFileReference; includeInIndex = 1; lastKnownFileType = text.xcconfig; name = "Pods-cs571HW9.debug.xcconfig"; path = "Target Support Files/Pods-cs571HW9/Pods-cs571HW9.debug.xcconfig"; sourceTree = "<group>"; };
		97E9A5A92384AB780065E5CE /* cs571HW9.app */ = {isa = PBXFileReference; explicitFileType = wrapper.application; includeInIndex = 0; path = cs571HW9.app; sourceTree = BUILT_PRODUCTS_DIR; };
		97E9A5AC2384AB780065E5CE /* AppDelegate.swift */ = {isa = PBXFileReference; lastKnownFileType = sourcecode.swift; path = AppDelegate.swift; sourceTree = "<group>"; };
		97E9A5AE2384AB780065E5CE /* SceneDelegate.swift */ = {isa = PBXFileReference; lastKnownFileType = sourcecode.swift; path = SceneDelegate.swift; sourceTree = "<group>"; };
		97E9A5B02384AB780065E5CE /* ViewController.swift */ = {isa = PBXFileReference; lastKnownFileType = sourcecode.swift; path = ViewController.swift; sourceTree = "<group>"; };
		97E9A5B32384AB780065E5CE /* Base */ = {isa = PBXFileReference; lastKnownFileType = file.storyboard; name = Base; path = Base.lproj/Main.storyboard; sourceTree = "<group>"; };
		97E9A5B52384AB7A0065E5CE /* Assets.xcassets */ = {isa = PBXFileReference; lastKnownFileType = folder.assetcatalog; path = Assets.xcassets; sourceTree = "<group>"; };
		97E9A5B82384AB7A0065E5CE /* Base */ = {isa = PBXFileReference; lastKnownFileType = file.storyboard; name = Base; path = Base.lproj/LaunchScreen.storyboard; sourceTree = "<group>"; };
		97E9A5BA2384AB7A0065E5CE /* Info.plist */ = {isa = PBXFileReference; lastKnownFileType = text.plist.xml; path = Info.plist; sourceTree = "<group>"; };
		97E9A5C4238731080065E5CE /* Slide.swift */ = {isa = PBXFileReference; lastKnownFileType = sourcecode.swift; path = Slide.swift; sourceTree = "<group>"; };
		97E9A5C6238731360065E5CE /* Slide.xib */ = {isa = PBXFileReference; lastKnownFileType = file.xib; path = Slide.xib; sourceTree = "<group>"; };
		97E9A5C8238873910065E5CE /* searchResultVC.swift */ = {isa = PBXFileReference; lastKnownFileType = sourcecode.swift; path = searchResultVC.swift; sourceTree = "<group>"; };
		97E9A5CA2388F6C10065E5CE /* TableViewCell1.swift */ = {isa = PBXFileReference; lastKnownFileType = sourcecode.swift; path = TableViewCell1.swift; sourceTree = "<group>"; };
		97E9A5CB2388F6C10065E5CE /* TableViewCell1.xib */ = {isa = PBXFileReference; lastKnownFileType = file.xib; path = TableViewCell1.xib; sourceTree = "<group>"; };
		97E9A5CE238B18520065E5CE /* Tabview.storyboard */ = {isa = PBXFileReference; lastKnownFileType = file.storyboard; path = Tabview.storyboard; sourceTree = "<group>"; };
		97E9A5D0238B1DBF0065E5CE /* tabViewController.swift */ = {isa = PBXFileReference; lastKnownFileType = sourcecode.swift; path = tabViewController.swift; sourceTree = "<group>"; };
		97E9A5D4238B55240065E5CE /* TodayViewController.swift */ = {isa = PBXFileReference; lastKnownFileType = sourcecode.swift; path = TodayViewController.swift; sourceTree = "<group>"; };
		97E9A5D6238B5EC60065E5CE /* WeeklyViewController.swift */ = {isa = PBXFileReference; lastKnownFileType = sourcecode.swift; path = WeeklyViewController.swift; sourceTree = "<group>"; };
		97E9A5D8238BBE1D0065E5CE /* PhotoViewController.swift */ = {isa = PBXFileReference; lastKnownFileType = sourcecode.swift; path = PhotoViewController.swift; sourceTree = "<group>"; };
		9D611BF443B834B2A097BE24 /* Pods_cs571HW9.framework */ = {isa = PBXFileReference; explicitFileType = wrapper.framework; includeInIndex = 0; path = Pods_cs571HW9.framework; sourceTree = BUILT_PRODUCTS_DIR; };
/* End PBXFileReference section */

/* Begin PBXFrameworksBuildPhase section */
		97E9A5A62384AB780065E5CE /* Frameworks */ = {
			isa = PBXFrameworksBuildPhase;
			buildActionMask = 2147483647;
			files = (
				21FF296D287B2541178E3824 /* Pods_cs571HW9.framework in Frameworks */,
			);
			runOnlyForDeploymentPostprocessing = 0;
		};
/* End PBXFrameworksBuildPhase section */

/* Begin PBXGroup section */
		1A41478B9F6E217A9C542A84 /* Frameworks */ = {
			isa = PBXGroup;
			children = (
				9D611BF443B834B2A097BE24 /* Pods_cs571HW9.framework */,
			);
			name = Frameworks;
			sourceTree = "<group>";
		};
		4F2F3700CDBCF003297C9F63 /* Pods */ = {
			isa = PBXGroup;
			children = (
				2C97073DBD4834B2E5BD2058 /* Pods-cs571HW9.debug.xcconfig */,
				2146CAE07727A4A657F9C4BB /* Pods-cs571HW9.release.xcconfig */,
			);
			path = Pods;
			sourceTree = "<group>";
		};
		97E9A5A02384AB780065E5CE = {
			isa = PBXGroup;
			children = (
				97E9A5AB2384AB780065E5CE /* cs571HW9 */,
				97E9A5AA2384AB780065E5CE /* Products */,
				4F2F3700CDBCF003297C9F63 /* Pods */,
				1A41478B9F6E217A9C542A84 /* Frameworks */,
			);
			sourceTree = "<group>";
		};
		97E9A5AA2384AB780065E5CE /* Products */ = {
			isa = PBXGroup;
			children = (
				97E9A5A92384AB780065E5CE /* cs571HW9.app */,
			);
			name = Products;
			sourceTree = "<group>";
		};
		97E9A5AB2384AB780065E5CE /* cs571HW9 */ = {
			isa = PBXGroup;
			children = (
				97E9A5AC2384AB780065E5CE /* AppDelegate.swift */,
				97E9A5AE2384AB780065E5CE /* SceneDelegate.swift */,
				97E9A5B02384AB780065E5CE /* ViewController.swift */,
				97E9A5C8238873910065E5CE /* searchResultVC.swift */,
				97E9A5B22384AB780065E5CE /* Main.storyboard */,
				97E9A5C4238731080065E5CE /* Slide.swift */,
				97E9A5CA2388F6C10065E5CE /* TableViewCell1.swift */,
				97E9A5CB2388F6C10065E5CE /* TableViewCell1.xib */,
				97E9A5B52384AB7A0065E5CE /* Assets.xcassets */,
				97E9A5B72384AB7A0065E5CE /* LaunchScreen.storyboard */,
				97E9A5BA2384AB7A0065E5CE /* Info.plist */,
				97E9A5C6238731360065E5CE /* Slide.xib */,
				97E9A5CE238B18520065E5CE /* Tabview.storyboard */,
				97E9A5D0238B1DBF0065E5CE /* tabViewController.swift */,
				97E9A5D3238B54D40065E5CE /* Individual Tabs */,
			);
			path = cs571HW9;
			sourceTree = "<group>";
		};
		97E9A5D3238B54D40065E5CE /* Individual Tabs */ = {
			isa = PBXGroup;
			children = (
				97E9A5D4238B55240065E5CE /* TodayViewController.swift */,
				97E9A5D6238B5EC60065E5CE /* WeeklyViewController.swift */,
				97E9A5D8238BBE1D0065E5CE /* PhotoViewController.swift */,
			);
			path = "Individual Tabs";
			sourceTree = "<group>";
		};
/* End PBXGroup section */

/* Begin PBXNativeTarget section */
		97E9A5A82384AB780065E5CE /* cs571HW9 */ = {
			isa = PBXNativeTarget;
			buildConfigurationList = 97E9A5BD2384AB7A0065E5CE /* Build configuration list for PBXNativeTarget "cs571HW9" */;
			buildPhases = (
				354478064924F647C4A6AF1B /* [CP] Check Pods Manifest.lock */,
				97E9A5A52384AB780065E5CE /* Sources */,
				97E9A5A62384AB780065E5CE /* Frameworks */,
				97E9A5A72384AB780065E5CE /* Resources */,
				0C9C5B1D7638286555F48C62 /* [CP] Embed Pods Frameworks */,
			);
			buildRules = (
			);
			dependencies = (
			);
			name = cs571HW9;
			productName = cs571HW9;
			productReference = 97E9A5A92384AB780065E5CE /* cs571HW9.app */;
			productType = "com.apple.product-type.application";
		};
/* End PBXNativeTarget section */

/* Begin PBXProject section */
		97E9A5A12384AB780065E5CE /* Project object */ = {
			isa = PBXProject;
			attributes = {
				LastSwiftUpdateCheck = 1120;
				LastUpgradeCheck = 1120;
				ORGANIZATIONNAME = "He Chang";
				TargetAttributes = {
					97E9A5A82384AB780065E5CE = {
						CreatedOnToolsVersion = 11.2.1;
					};
				};
			};
			buildConfigurationList = 97E9A5A42384AB780065E5CE /* Build configuration list for PBXProject "cs571HW9" */;
			compatibilityVersion = "Xcode 9.3";
			developmentRegion = en;
			hasScannedForEncodings = 0;
			knownRegions = (
				en,
				Base,
			);
			mainGroup = 97E9A5A02384AB780065E5CE;
			productRefGroup = 97E9A5AA2384AB780065E5CE /* Products */;
			projectDirPath = "";
			projectRoot = "";
			targets = (
				97E9A5A82384AB780065E5CE /* cs571HW9 */,
			);
		};
/* End PBXProject section */

/* Begin PBXResourcesBuildPhase section */
		97E9A5A72384AB780065E5CE /* Resources */ = {
			isa = PBXResourcesBuildPhase;
			buildActionMask = 2147483647;
			files = (
				97E9A5CD2388F6C10065E5CE /* TableViewCell1.xib in Resources */,
				97E9A5B92384AB7A0065E5CE /* LaunchScreen.storyboard in Resources */,
				97E9A5B62384AB7A0065E5CE /* Assets.xcassets in Resources */,
				97E9A5CF238B18520065E5CE /* Tabview.storyboard in Resources */,
				97E9A5B42384AB780065E5CE /* Main.storyboard in Resources */,
				97E9A5C7238731360065E5CE /* Slide.xib in Resources */,
			);
			runOnlyForDeploymentPostprocessing = 0;
		};
/* End PBXResourcesBuildPhase section */

/* Begin PBXShellScriptBuildPhase section */
		0C9C5B1D7638286555F48C62 /* [CP] Embed Pods Frameworks */ = {
			isa = PBXShellScriptBuildPhase;
			buildActionMask = 2147483647;
			files = (
			);
			inputFileListPaths = (
				"${PODS_ROOT}/Target Support Files/Pods-cs571HW9/Pods-cs571HW9-frameworks-${CONFIGURATION}-input-files.xcfilelist",
			);
			name = "[CP] Embed Pods Frameworks";
			outputFileListPaths = (
				"${PODS_ROOT}/Target Support Files/Pods-cs571HW9/Pods-cs571HW9-frameworks-${CONFIGURATION}-output-files.xcfilelist",
			);
			runOnlyForDeploymentPostprocessing = 0;
			shellPath = /bin/sh;
			shellScript = "\"${PODS_ROOT}/Target Support Files/Pods-cs571HW9/Pods-cs571HW9-frameworks.sh\"\n";
			showEnvVarsInLog = 0;
		};
		354478064924F647C4A6AF1B /* [CP] Check Pods Manifest.lock */ = {
			isa = PBXShellScriptBuildPhase;
			buildActionMask = 2147483647;
			files = (
			);
			inputFileListPaths = (
			);
			inputPaths = (
				"${PODS_PODFILE_DIR_PATH}/Podfile.lock",
				"${PODS_ROOT}/Manifest.lock",
			);
			name = "[CP] Check Pods Manifest.lock";
			outputFileListPaths = (
			);
			outputPaths = (
				"$(DERIVED_FILE_DIR)/Pods-cs571HW9-checkManifestLockResult.txt",
			);
			runOnlyForDeploymentPostprocessing = 0;
			shellPath = /bin/sh;
			shellScript = "diff \"${PODS_PODFILE_DIR_PATH}/Podfile.lock\" \"${PODS_ROOT}/Manifest.lock\" > /dev/null\nif [ $? != 0 ] ; then\n    # print error to STDERR\n    echo \"error: The sandbox is not in sync with the Podfile.lock. Run 'pod install' or update your CocoaPods installation.\" >&2\n    exit 1\nfi\n# This output is used by Xcode 'outputs' to avoid re-running this script phase.\necho \"SUCCESS\" > \"${SCRIPT_OUTPUT_FILE_0}\"\n";
			showEnvVarsInLog = 0;
		};
/* End PBXShellScriptBuildPhase section */

/* Begin PBXSourcesBuildPhase section */
		97E9A5A52384AB780065E5CE /* Sources */ = {
			isa = PBXSourcesBuildPhase;
			buildActionMask = 2147483647;
			files = (
				97E9A5B12384AB780065E5CE /* ViewController.swift in Sources */,
				97E9A5D1238B1DBF0065E5CE /* tabViewController.swift in Sources */,
				97E9A5AD2384AB780065E5CE /* AppDelegate.swift in Sources */,
				97E9A5AF2384AB780065E5CE /* SceneDelegate.swift in Sources */,
				97E9A5D5238B55250065E5CE /* TodayViewController.swift in Sources */,
				97E9A5CC2388F6C10065E5CE /* TableViewCell1.swift in Sources */,
				97E9A5D7238B5EC60065E5CE /* WeeklyViewController.swift in Sources */,
				97E9A5C5238731080065E5CE /* Slide.swift in Sources */,
				97E9A5C9238873910065E5CE /* searchResultVC.swift in Sources */,
				97E9A5D9238BBE1D0065E5CE /* PhotoViewController.swift in Sources */,
			);
			runOnlyForDeploymentPostprocessing = 0;
		};
/* End PBXSourcesBuildPhase section */

/* Begin PBXVariantGroup section */
		97E9A5B22384AB780065E5CE /* Main.storyboard */ = {
			isa = PBXVariantGroup;
			children = (
				97E9A5B32384AB780065E5CE /* Base */,
			);
			name = Main.storyboard;
			sourceTree = "<group>";
		};
		97E9A5B72384AB7A0065E5CE /* LaunchScreen.storyboard */ = {
			isa = PBXVariantGroup;
			children = (
				97E9A5B82384AB7A0065E5CE /* Base */,
			);
			name = LaunchScreen.storyboard;
			sourceTree = "<group>";
		};
/* End PBXVariantGroup section */

/* Begin XCBuildConfiguration section */
		97E9A5BB2384AB7A0065E5CE /* Debug */ = {
			isa = XCBuildConfiguration;
			buildSettings = {
				ALWAYS_SEARCH_USER_PATHS = NO;
				CLANG_ANALYZER_NONNULL = YES;
				CLANG_ANALYZER_NUMBER_OBJECT_CONVERSION = YES_AGGRESSIVE;
				CLANG_CXX_LANGUAGE_STANDARD = "gnu++14";
				CLANG_CXX_LIBRARY = "libc++";
				CLANG_ENABLE_MODULES = YES;
				CLANG_ENABLE_OBJC_ARC = YES;
				CLANG_ENABLE_OBJC_WEAK = YES;
				CLANG_WARN_BLOCK_CAPTURE_AUTORELEASING = YES;
				CLANG_WARN_BOOL_CONVERSION = YES;
				CLANG_WARN_COMMA = YES;
				CLANG_WARN_CONSTANT_CONVERSION = YES;
				CLANG_WARN_DEPRECATED_OBJC_IMPLEMENTATIONS = YES;
				CLANG_WARN_DIRECT_OBJC_ISA_USAGE = YES_ERROR;
				CLANG_WARN_DOCUMENTATION_COMMENTS = YES;
				CLANG_WARN_EMPTY_BODY = YES;
				CLANG_WARN_ENUM_CONVERSION = YES;
				CLANG_WARN_INFINITE_RECURSION = YES;
				CLANG_WARN_INT_CONVERSION = YES;
				CLANG_WARN_NON_LITERAL_NULL_CONVERSION = YES;
				CLANG_WARN_OBJC_IMPLICIT_RETAIN_SELF = YES;
				CLANG_WARN_OBJC_LITERAL_CONVERSION = YES;
				CLANG_WARN_OBJC_ROOT_CLASS = YES_ERROR;
				CLANG_WARN_RANGE_LOOP_ANALYSIS = YES;
				CLANG_WARN_STRICT_PROTOTYPES = YES;
				CLANG_WARN_SUSPICIOUS_MOVE = YES;
				CLANG_WARN_UNGUARDED_AVAILABILITY = YES_AGGRESSIVE;
				CLANG_WARN_UNREACHABLE_CODE = YES;
				CLANG_WARN__DUPLICATE_METHOD_MATCH = YES;
				COPY_PHASE_STRIP = NO;
				DEBUG_INFORMATION_FORMAT = dwarf;
				ENABLE_STRICT_OBJC_MSGSEND = YES;
				ENABLE_TESTABILITY = YES;
				GCC_C_LANGUAGE_STANDARD = gnu11;
				GCC_DYNAMIC_NO_PIC = NO;
				GCC_NO_COMMON_BLOCKS = YES;
				GCC_OPTIMIZATION_LEVEL = 0;
				GCC_PREPROCESSOR_DEFINITIONS = (
					"DEBUG=1",
					"$(inherited)",
				);
				GCC_WARN_64_TO_32_BIT_CONVERSION = YES;
				GCC_WARN_ABOUT_RETURN_TYPE = YES_ERROR;
				GCC_WARN_UNDECLARED_SELECTOR = YES;
				GCC_WARN_UNINITIALIZED_AUTOS = YES_AGGRESSIVE;
				GCC_WARN_UNUSED_FUNCTION = YES;
				GCC_WARN_UNUSED_VARIABLE = YES;
				IPHONEOS_DEPLOYMENT_TARGET = 13.2;
				MTL_ENABLE_DEBUG_INFO = INCLUDE_SOURCE;
				MTL_FAST_MATH = YES;
				ONLY_ACTIVE_ARCH = YES;
				SDKROOT = iphoneos;
				SWIFT_ACTIVE_COMPILATION_CONDITIONS = DEBUG;
				SWIFT_OPTIMIZATION_LEVEL = "-Onone";
			};
			name = Debug;
		};
		97E9A5BC2384AB7A0065E5CE /* Release */ = {
			isa = XCBuildConfiguration;
			buildSettings = {
				ALWAYS_SEARCH_USER_PATHS = NO;
				CLANG_ANALYZER_NONNULL = YES;
				CLANG_ANALYZER_NUMBER_OBJECT_CONVERSION = YES_AGGRESSIVE;
				CLANG_CXX_LANGUAGE_STANDARD = "gnu++14";
				CLANG_CXX_LIBRARY = "libc++";
				CLANG_ENABLE_MODULES = YES;
				CLANG_ENABLE_OBJC_ARC = YES;
				CLANG_ENABLE_OBJC_WEAK = YES;
				CLANG_WARN_BLOCK_CAPTURE_AUTORELEASING = YES;
				CLANG_WARN_BOOL_CONVERSION = YES;
				CLANG_WARN_COMMA = YES;
				CLANG_WARN_CONSTANT_CONVERSION = YES;
				CLANG_WARN_DEPRECATED_OBJC_IMPLEMENTATIONS = YES;
				CLANG_WARN_DIRECT_OBJC_ISA_USAGE = YES_ERROR;
				CLANG_WARN_DOCUMENTATION_COMMENTS = YES;
				CLANG_WARN_EMPTY_BODY = YES;
				CLANG_WARN_ENUM_CONVERSION = YES;
				CLANG_WARN_INFINITE_RECURSION = YES;
				CLANG_WARN_INT_CONVERSION = YES;
				CLANG_WARN_NON_LITERAL_NULL_CONVERSION = YES;
				CLANG_WARN_OBJC_IMPLICIT_RETAIN_SELF = YES;
				CLANG_WARN_OBJC_LITERAL_CONVERSION = YES;
				CLANG_WARN_OBJC_ROOT_CLASS = YES_ERROR;
				CLANG_WARN_RANGE_LOOP_ANALYSIS = YES;
				CLANG_WARN_STRICT_PROTOTYPES = YES;
				CLANG_WARN_SUSPICIOUS_MOVE = YES;
				CLANG_WARN_UNGUARDED_AVAILABILITY = YES_AGGRESSIVE;
				CLANG_WARN_UNREACHABLE_CODE = YES;
				CLANG_WARN__DUPLICATE_METHOD_MATCH = YES;
				COPY_PHASE_STRIP = NO;
				DEBUG_INFORMATION_FORMAT = "dwarf-with-dsym";
				ENABLE_NS_ASSERTIONS = NO;
				ENABLE_STRICT_OBJC_MSGSEND = YES;
				GCC_C_LANGUAGE_STANDARD = gnu11;
				GCC_NO_COMMON_BLOCKS = YES;
				GCC_WARN_64_TO_32_BIT_CONVERSION = YES;
				GCC_WARN_ABOUT_RETURN_TYPE = YES_ERROR;
				GCC_WARN_UNDECLARED_SELECTOR = YES;
				GCC_WARN_UNINITIALIZED_AUTOS = YES_AGGRESSIVE;
				GCC_WARN_UNUSED_FUNCTION = YES;
				GCC_WARN_UNUSED_VARIABLE = YES;
				IPHONEOS_DEPLOYMENT_TARGET = 13.2;
				MTL_ENABLE_DEBUG_INFO = NO;
				MTL_FAST_MATH = YES;
				SDKROOT = iphoneos;
				SWIFT_COMPILATION_MODE = wholemodule;
				SWIFT_OPTIMIZATION_LEVEL = "-O";
				VALIDATE_PRODUCT = YES;
			};
			name = Release;
		};
		97E9A5BE2384AB7A0065E5CE /* Debug */ = {
			isa = XCBuildConfiguration;
			baseConfigurationReference = 2C97073DBD4834B2E5BD2058 /* Pods-cs571HW9.debug.xcconfig */;
			buildSettings = {
				ASSETCATALOG_COMPILER_APPICON_NAME = AppIcon;
				CODE_SIGN_STYLE = Automatic;
				DEVELOPMENT_TEAM = W56JG32K22;
				INFOPLIST_FILE = cs571HW9/Info.plist;
				LD_RUNPATH_SEARCH_PATHS = (
					"$(inherited)",
					"@executable_path/Frameworks",
				);
				PRODUCT_BUNDLE_IDENTIFIER = "-66.cs571HW9";
				PRODUCT_NAME = "$(TARGET_NAME)";
				SWIFT_VERSION = 4.2;
				TARGETED_DEVICE_FAMILY = "1,2";
			};
			name = Debug;
		};
		97E9A5BF2384AB7A0065E5CE /* Release */ = {
			isa = XCBuildConfiguration;
			baseConfigurationReference = 2146CAE07727A4A657F9C4BB /* Pods-cs571HW9.release.xcconfig */;
			buildSettings = {
				ASSETCATALOG_COMPILER_APPICON_NAME = AppIcon;
				CODE_SIGN_STYLE = Automatic;
				DEVELOPMENT_TEAM = W56JG32K22;
				INFOPLIST_FILE = cs571HW9/Info.plist;
				LD_RUNPATH_SEARCH_PATHS = (
					"$(inherited)",
					"@executable_path/Frameworks",
				);
				PRODUCT_BUNDLE_IDENTIFIER = "-66.cs571HW9";
				PRODUCT_NAME = "$(TARGET_NAME)";
				SWIFT_VERSION = 4.2;
				TARGETED_DEVICE_FAMILY = "1,2";
			};
			name = Release;
		};
/* End XCBuildConfiguration section */

/* Begin XCConfigurationList section */
		97E9A5A42384AB780065E5CE /* Build configuration list for PBXProject "cs571HW9" */ = {
			isa = XCConfigurationList;
			buildConfigurations = (
				97E9A5BB2384AB7A0065E5CE /* Debug */,
				97E9A5BC2384AB7A0065E5CE /* Release */,
			);
			defaultConfigurationIsVisible = 0;
			defaultConfigurationName = Release;
		};
		97E9A5BD2384AB7A0065E5CE /* Build configuration list for PBXNativeTarget "cs571HW9" */ = {
			isa = XCConfigurationList;
			buildConfigurations = (
				97E9A5BE2384AB7A0065E5CE /* Debug */,
				97E9A5BF2384AB7A0065E5CE /* Release */,
			);
			defaultConfigurationIsVisible = 0;
			defaultConfigurationName = Release;
		};
/* End XCConfigurationList section */
	};
	rootObject = 97E9A5A12384AB780065E5CE /* Project object */;
}
